
Microsoft Visual Studio Solution File, Format Version 12.00
# Visual Studio Version 17
VisualStudioVersion = 17.14.36429.23
MinimumVisualStudioVersion = 10.0.40219.1
Project("{FAE04EC0-301F-11D3-BF4B-00C04F79EFBC}") = "Subscriber", "Subscriber\Subscriber.csproj", "{6AF3185B-597B-456A-9F23-1989B8A1611F}"
EndProject
Project("{FAE04EC0-301F-11D3-BF4B-00C04F79EFBC}") = "Broker", "Broker\Broker.csproj", "{6F0F7CA6-E6B1-40D4-8629-CD775F6E9FEF}"
EndProject
Project("{FAE04EC0-301F-11D3-BF4B-00C04F79EFBC}") = "Publisher", "Publisher\Publisher.csproj", "{7059C3FF-008C-4573-A1B4-60B64C97792F}"
EndProject
Project("{FAE04EC0-301F-11D3-BF4B-00C04F79EFBC}") = "Shared", "Shared\Shared.csproj", "{2A4FEE5A-0F00-447B-9FD0-A4EE69D89904}"
EndProject
Global
	GlobalSection(SolutionConfigurationPlatforms) = preSolution
		Debug|Any CPU = Debug|Any CPU
		Release|Any CPU = Release|Any CPU
	EndGlobalSection
	GlobalSection(ProjectConfigurationPlatforms) = postSolution
		{6AF3185B-597B-456A-9F23-1989B8A1611F}.Debug|Any CPU.ActiveCfg = Debug|Any CPU
		{6AF3185B-597B-456A-9F23-1989B8A1611F}.Debug|Any CPU.Build.0 = Debug|Any CPU
		{6AF3185B-597B-456A-9F23-1989B8A1611F}.Release|Any CPU.ActiveCfg = Release|Any CPU
		{6AF3185B-597B-456A-9F23-1989B8A1611F}.Release|Any CPU.Build.0 = Release|Any CPU
		{6F0F7CA6-E6B1-40D4-8629-CD775F6E9FEF}.Debug|Any CPU.ActiveCfg = Debug|Any CPU
		{6F0F7CA6-E6B1-40D4-8629-CD775F6E9FEF}.Debug|Any CPU.Build.0 = Debug|Any CPU
		{6F0F7CA6-E6B1-40D4-8629-CD775F6E9FEF}.Release|Any CPU.ActiveCfg = Release|Any CPU
		{6F0F7CA6-E6B1-40D4-8629-CD775F6E9FEF}.Release|Any CPU.Build.0 = Release|Any CPU
		{7059C3FF-008C-4573-A1B4-60B64C97792F}.Debug|Any CPU.ActiveCfg = Debug|Any CPU
		{7059C3FF-008C-4573-A1B4-60B64C97792F}.Debug|Any CPU.Build.0 = Debug|Any CPU
		{7059C3FF-008C-4573-A1B4-60B64C97792F}.Release|Any CPU.ActiveCfg = Release|Any CPU
		{7059C3FF-008C-4573-A1B4-60B64C97792F}.Release|Any CPU.Build.0 = Release|Any CPU
		{2A4FEE5A-0F00-447B-9FD0-A4EE69D89904}.Debug|Any CPU.ActiveCfg = Debug|Any CPU
		{2A4FEE5A-0F00-447B-9FD0-A4EE69D89904}.Debug|Any CPU.Build.0 = Debug|Any CPU
		{2A4FEE5A-0F00-447B-9FD0-A4EE69D89904}.Release|Any CPU.ActiveCfg = Release|Any CPU
		{2A4FEE5A-0F00-447B-9FD0-A4EE69D89904}.Release|Any CPU.Build.0 = Release|Any CPU
	EndGlobalSection
	GlobalSection(SolutionProperties) = preSolution
		HideSolutionNode = FALSE
	EndGlobalSection
	GlobalSection(ExtensibilityGlobals) = postSolution
		SolutionGuid = {F5B9F154-4466-4C48-8214-C2BB4AC7E275}
	EndGlobalSection
EndGlobal
