Microsoft Visual Studio Solution File, Format Version 12.00
# Visual Studio Version 17
VisualStudioVersion = 17.5.2.0
MinimumVisualStudioVersion = 10.0.40219.1
Project("{2150E333-8FDC-42A3-9474-1A3956D46DE8}") = "laborator_1", "laborator_1", "{9FA57571-47E8-6C41-FC1D-0BD33FE53423}"
EndProject
Project("{2150E333-8FDC-42A3-9474-1A3956D46DE8}") = "laborator_2", "laborator_2", "{AD9A11F7-558D-CB77-5B99-B2B476A2D6FC}"
EndProject
Project("{FAE04EC0-301F-11D3-BF4B-00C04F79EFBC}") = "Subscriber", "laborator_1\Subscriber\Subscriber.csproj", "{C870E0A0-FFAC-2FF7-B5CC-F2A4BB214CEA}"
EndProject
Project("{FAE04EC0-301F-11D3-BF4B-00C04F79EFBC}") = "Subscriber", "laborator_2\Subscriber\Subscriber.csproj", "{A5327EAB-0EEF-69D7-288C-BD5A78DFD7E4}"
EndProject
Global
	GlobalSection(SolutionConfigurationPlatforms) = preSolution
		Debug|Any CPU = Debug|Any CPU
		Release|Any CPU = Release|Any CPU
	EndGlobalSection
	GlobalSection(ProjectConfigurationPlatforms) = postSolution
		{C870E0A0-FFAC-2FF7-B5CC-F2A4BB214CEA}.Debug|Any CPU.ActiveCfg = Debug|Any CPU
		{C870E0A0-FFAC-2FF7-B5CC-F2A4BB214CEA}.Debug|Any CPU.Build.0 = Debug|Any CPU
		{C870E0A0-FFAC-2FF7-B5CC-F2A4BB214CEA}.Release|Any CPU.ActiveCfg = Release|Any CPU
		{C870E0A0-FFAC-2FF7-B5CC-F2A4BB214CEA}.Release|Any CPU.Build.0 = Release|Any CPU
		{A5327EAB-0EEF-69D7-288C-BD5A78DFD7E4}.Debug|Any CPU.ActiveCfg = Debug|Any CPU
		{A5327EAB-0EEF-69D7-288C-BD5A78DFD7E4}.Debug|Any CPU.Build.0 = Debug|Any CPU
		{A5327EAB-0EEF-69D7-288C-BD5A78DFD7E4}.Release|Any CPU.ActiveCfg = Release|Any CPU
		{A5327EAB-0EEF-69D7-288C-BD5A78DFD7E4}.Release|Any CPU.Build.0 = Release|Any CPU
	EndGlobalSection
	GlobalSection(SolutionProperties) = preSolution
		HideSolutionNode = FALSE
	EndGlobalSection
	GlobalSection(NestedProjects) = preSolution
		{C870E0A0-FFAC-2FF7-B5CC-F2A4BB214CEA} = {9FA57571-47E8-6C41-FC1D-0BD33FE53423}
		{A5327EAB-0EEF-69D7-288C-BD5A78DFD7E4} = {AD9A11F7-558D-CB77-5B99-B2B476A2D6FC}
	EndGlobalSection
	GlobalSection(ExtensibilityGlobals) = postSolution
		SolutionGuid = {2108764F-4BF7-4FB9-8311-4E68ACF086D8}
	EndGlobalSection
EndGlobal
